
Microsoft Visual Studio Solution File, Format Version 12.00
# Visual Studio Version 17
VisualStudioVersion = 17.11.35303.130
MinimumVisualStudioVersion = 10.0.40219.1
Project("{9A19103F-16F7-4668-BE54-9A1E7A4F7556}") = "test", "test\test.csproj", "{916547EB-2A3B-49BB-85DA-D542F4A8A5B6}"
EndProject
Project("{9A19103F-16F7-4668-BE54-9A1E7A4F7556}") = "TGBot", "TGBot\TGBot.csproj", "{EB514144-6652-4445-BCF7-5112489ABEE1}"
EndProject
Project("{FAE04EC0-301F-11D3-BF4B-00C04F79EFBC}") = "ApiMethods", "Api_Methods\ApiMethods.csproj", "{5F2246AE-6327-4627-AC3E-5BE080390556}"
EndProject
Global
	GlobalSection(SolutionConfigurationPlatforms) = preSolution
		Debug|Any CPU = Debug|Any CPU
		Release|Any CPU = Release|Any CPU
	EndGlobalSection
	GlobalSection(ProjectConfigurationPlatforms) = postSolution
		{916547EB-2A3B-49BB-85DA-D542F4A8A5B6}.Debug|Any CPU.ActiveCfg = Debug|Any CPU
		{916547EB-2A3B-49BB-85DA-D542F4A8A5B6}.Debug|Any CPU.Build.0 = Debug|Any CPU
		{916547EB-2A3B-49BB-85DA-D542F4A8A5B6}.Release|Any CPU.ActiveCfg = Release|Any CPU
		{916547EB-2A3B-49BB-85DA-D542F4A8A5B6}.Release|Any CPU.Build.0 = Release|Any CPU
		{EB514144-6652-4445-BCF7-5112489ABEE1}.Debug|Any CPU.ActiveCfg = Debug|Any CPU
		{EB514144-6652-4445-BCF7-5112489ABEE1}.Debug|Any CPU.Build.0 = Debug|Any CPU
		{EB514144-6652-4445-BCF7-5112489ABEE1}.Release|Any CPU.ActiveCfg = Release|Any CPU
		{EB514144-6652-4445-BCF7-5112489ABEE1}.Release|Any CPU.Build.0 = Release|Any CPU
		{5F2246AE-6327-4627-AC3E-5BE080390556}.Debug|Any CPU.ActiveCfg = Debug|Any CPU
		{5F2246AE-6327-4627-AC3E-5BE080390556}.Debug|Any CPU.Build.0 = Debug|Any CPU
		{5F2246AE-6327-4627-AC3E-5BE080390556}.Release|Any CPU.ActiveCfg = Release|Any CPU
		{5F2246AE-6327-4627-AC3E-5BE080390556}.Release|Any CPU.Build.0 = Release|Any CPU
	EndGlobalSection
	GlobalSection(SolutionProperties) = preSolution
		HideSolutionNode = FALSE
	EndGlobalSection
	GlobalSection(ExtensibilityGlobals) = postSolution
		SolutionGuid = {5517D9CB-7DFF-4022-9A5F-AA6FCA45B155}
	EndGlobalSection
EndGlobal
